
Microsoft Visual Studio Solution File, Format Version 12.00
# Visual Studio Version 17
VisualStudioVersion = 17.2.32602.215
MinimumVisualStudioVersion = 10.0.40219.1
Project("{FAE04EC0-301F-11D3-BF4B-00C04F79EFBC}") = "PapaJohnsGMTool", "PapaJohnsGMTool\PapaJohnsGMTool.csproj", "{F15EA6B4-4AF3-4BAF-904C-2BE95926BD12}"
EndProject
Global
	GlobalSection(SolutionConfigurationPlatforms) = preSolution
		Debug|Any CPU = Debug|Any CPU
		Release|Any CPU = Release|Any CPU
	EndGlobalSection
	GlobalSection(ProjectConfigurationPlatforms) = postSolution
		{F15EA6B4-4AF3-4BAF-904C-2BE95926BD12}.Debug|Any CPU.ActiveCfg = Debug|Any CPU
		{F15EA6B4-4AF3-4BAF-904C-2BE95926BD12}.Debug|Any CPU.Build.0 = Debug|Any CPU
		{F15EA6B4-4AF3-4BAF-904C-2BE95926BD12}.Release|Any CPU.ActiveCfg = Release|Any CPU
		{F15EA6B4-4AF3-4BAF-904C-2BE95926BD12}.Release|Any CPU.Build.0 = Release|Any CPU
	EndGlobalSection
	GlobalSection(SolutionProperties) = preSolution
		HideSolutionNode = FALSE
	EndGlobalSection
	GlobalSection(ExtensibilityGlobals) = postSolution
		SolutionGuid = {E6EBF26D-C618-4A2A-892A-780AB9E2169A}
	EndGlobalSection
EndGlobal
